// !$*UTF8*$!
{
	archiveVersion = 1;
	classes = {
	};
	objectVersion = 50;
	objects = {

/* Begin PBXBuildFile section */
		492B7895222CF660009CAB11 /* ChaosSaverView.swift in Sources */ = {isa = PBXBuildFile; fileRef = 495B86A1222CE524008AEA9F /* ChaosSaverView.swift */; };
		492B7897222D0290009CAB11 /* ChaosRenderer.swift in Sources */ = {isa = PBXBuildFile; fileRef = 492B7896222D0290009CAB11 /* ChaosRenderer.swift */; };
		492B7898222D0638009CAB11 /* ChaosRenderer.swift in Sources */ = {isa = PBXBuildFile; fileRef = 492B7896222D0290009CAB11 /* ChaosRenderer.swift */; };
		495B86A2222CE524008AEA9F /* ChaosSaverView.swift in Sources */ = {isa = PBXBuildFile; fileRef = 495B86A1222CE524008AEA9F /* ChaosSaverView.swift */; };
		495B86CE222CEEF7008AEA9F /* AppDelegate.swift in Sources */ = {isa = PBXBuildFile; fileRef = 495B86CD222CEEF7008AEA9F /* AppDelegate.swift */; };
		495B86D0222CEEF7008AEA9F /* ViewController.swift in Sources */ = {isa = PBXBuildFile; fileRef = 495B86CF222CEEF7008AEA9F /* ViewController.swift */; };
		495B86D2222CEEF8008AEA9F /* Assets.xcassets in Resources */ = {isa = PBXBuildFile; fileRef = 495B86D1222CEEF8008AEA9F /* Assets.xcassets */; };
		495B86D5222CEEF8008AEA9F /* Main.storyboard in Resources */ = {isa = PBXBuildFile; fileRef = 495B86D3222CEEF8008AEA9F /* Main.storyboard */; };
/* End PBXBuildFile section */

/* Begin PBXContainerItemProxy section */
		492B7899222E239A009CAB11 /* PBXContainerItemProxy */ = {
			isa = PBXContainerItemProxy;
			containerPortal = 495B8689222CE4F1008AEA9F /* Project object */;
			proxyType = 1;
			remoteGlobalIDString = 495B8691222CE4F1008AEA9F;
			remoteInfo = ChaosSaver;
		};
/* End PBXContainerItemProxy section */

/* Begin PBXFileReference section */
		492B7896222D0290009CAB11 /* ChaosRenderer.swift */ = {isa = PBXFileReference; lastKnownFileType = sourcecode.swift; path = ChaosRenderer.swift; sourceTree = "<group>"; };
		495B8692222CE4F1008AEA9F /* ChaosSaver.saver */ = {isa = PBXFileReference; explicitFileType = wrapper.cfbundle; includeInIndex = 0; path = ChaosSaver.saver; sourceTree = BUILT_PRODUCTS_DIR; };
		495B8699222CE4F1008AEA9F /* Info.plist */ = {isa = PBXFileReference; lastKnownFileType = text.plist.xml; path = Info.plist; sourceTree = "<group>"; };
		495B86A1222CE524008AEA9F /* ChaosSaverView.swift */ = {isa = PBXFileReference; lastKnownFileType = sourcecode.swift; path = ChaosSaverView.swift; sourceTree = "<group>"; };
		495B86CB222CEEF7008AEA9F /* ChaosSaverApp.app */ = {isa = PBXFileReference; explicitFileType = wrapper.application; includeInIndex = 0; path = ChaosSaverApp.app; sourceTree = BUILT_PRODUCTS_DIR; };
		495B86CD222CEEF7008AEA9F /* AppDelegate.swift */ = {isa = PBXFileReference; lastKnownFileType = sourcecode.swift; path = AppDelegate.swift; sourceTree = "<group>"; };
		495B86CF222CEEF7008AEA9F /* ViewController.swift */ = {isa = PBXFileReference; lastKnownFileType = sourcecode.swift; path = ViewController.swift; sourceTree = "<group>"; };
		495B86D1222CEEF8008AEA9F /* Assets.xcassets */ = {isa = PBXFileReference; lastKnownFileType = folder.assetcatalog; path = Assets.xcassets; sourceTree = "<group>"; };
		495B86D4222CEEF8008AEA9F /* Base */ = {isa = PBXFileReference; lastKnownFileType = file.storyboard; name = Base; path = Base.lproj/Main.storyboard; sourceTree = "<group>"; };
		495B86D6222CEEF8008AEA9F /* Info.plist */ = {isa = PBXFileReference; lastKnownFileType = text.plist.xml; path = Info.plist; sourceTree = "<group>"; };
		495B86D7222CEEF8008AEA9F /* ChaosSaverApp.entitlements */ = {isa = PBXFileReference; lastKnownFileType = text.plist.entitlements; path = ChaosSaverApp.entitlements; sourceTree = "<group>"; };
/* End PBXFileReference section */

/* Begin PBXFrameworksBuildPhase section */
		495B868F222CE4F1008AEA9F /* Frameworks */ = {
			isa = PBXFrameworksBuildPhase;
			buildActionMask = 2147483647;
			files = (
			);
			runOnlyForDeploymentPostprocessing = 0;
		};
		495B86C8222CEEF7008AEA9F /* Frameworks */ = {
			isa = PBXFrameworksBuildPhase;
			buildActionMask = 2147483647;
			files = (
			);
			runOnlyForDeploymentPostprocessing = 0;
		};
/* End PBXFrameworksBuildPhase section */

/* Begin PBXGroup section */
		495B8688222CE4F1008AEA9F = {
			isa = PBXGroup;
			children = (
				495B8694222CE4F1008AEA9F /* ChaosSaver */,
				495B86CC222CEEF7008AEA9F /* ChaosSaverApp */,
				495B8693222CE4F1008AEA9F /* Products */,
			);
			sourceTree = "<group>";
		};
		495B8693222CE4F1008AEA9F /* Products */ = {
			isa = PBXGroup;
			children = (
				495B8692222CE4F1008AEA9F /* ChaosSaver.saver */,
				495B86CB222CEEF7008AEA9F /* ChaosSaverApp.app */,
			);
			name = Products;
			sourceTree = "<group>";
		};
		495B8694222CE4F1008AEA9F /* ChaosSaver */ = {
			isa = PBXGroup;
			children = (
				495B8699222CE4F1008AEA9F /* Info.plist */,
				495B86A1222CE524008AEA9F /* ChaosSaverView.swift */,
				492B7896222D0290009CAB11 /* ChaosRenderer.swift */,
			);
			path = ChaosSaver;
			sourceTree = "<group>";
		};
		495B86CC222CEEF7008AEA9F /* ChaosSaverApp */ = {
			isa = PBXGroup;
			children = (
				495B86CD222CEEF7008AEA9F /* AppDelegate.swift */,
				495B86CF222CEEF7008AEA9F /* ViewController.swift */,
				495B86D1222CEEF8008AEA9F /* Assets.xcassets */,
				495B86D3222CEEF8008AEA9F /* Main.storyboard */,
				495B86D6222CEEF8008AEA9F /* Info.plist */,
				495B86D7222CEEF8008AEA9F /* ChaosSaverApp.entitlements */,
			);
			path = ChaosSaverApp;
			sourceTree = "<group>";
		};
/* End PBXGroup section */

/* Begin PBXHeadersBuildPhase section */
		495B868D222CE4F1008AEA9F /* Headers */ = {
			isa = PBXHeadersBuildPhase;
			buildActionMask = 2147483647;
			files = (
			);
			runOnlyForDeploymentPostprocessing = 0;
		};
/* End PBXHeadersBuildPhase section */

/* Begin PBXNativeTarget section */
		495B8691222CE4F1008AEA9F /* ChaosSaver */ = {
			isa = PBXNativeTarget;
			buildConfigurationList = 495B869C222CE4F1008AEA9F /* Build configuration list for PBXNativeTarget "ChaosSaver" */;
			buildPhases = (
				495B868D222CE4F1008AEA9F /* Headers */,
				495B868E222CE4F1008AEA9F /* Sources */,
				495B868F222CE4F1008AEA9F /* Frameworks */,
				495B8690222CE4F1008AEA9F /* Resources */,
			);
			buildRules = (
			);
			dependencies = (
			);
			name = ChaosSaver;
			productName = ChaosSaver;
			productReference = 495B8692222CE4F1008AEA9F /* ChaosSaver.saver */;
			productType = "com.apple.product-type.bundle";
		};
		495B86CA222CEEF7008AEA9F /* ChaosSaverApp */ = {
			isa = PBXNativeTarget;
			buildConfigurationList = 495B86D8222CEEF8008AEA9F /* Build configuration list for PBXNativeTarget "ChaosSaverApp" */;
			buildPhases = (
				495B86C7222CEEF7008AEA9F /* Sources */,
				495B86C8222CEEF7008AEA9F /* Frameworks */,
				495B86C9222CEEF7008AEA9F /* Resources */,
			);
			buildRules = (
			);
			dependencies = (
				492B789A222E239A009CAB11 /* PBXTargetDependency */,
			);
			name = ChaosSaverApp;
			productName = ChaosSaverApp;
			productReference = 495B86CB222CEEF7008AEA9F /* ChaosSaverApp.app */;
			productType = "com.apple.product-type.application";
		};
/* End PBXNativeTarget section */

/* Begin PBXProject section */
		495B8689222CE4F1008AEA9F /* Project object */ = {
			isa = PBXProject;
			attributes = {
				LastSwiftUpdateCheck = 1010;
				LastUpgradeCheck = 1010;
				ORGANIZATIONNAME = "Andrew Afflitto";
				TargetAttributes = {
					495B8691222CE4F1008AEA9F = {
						CreatedOnToolsVersion = 10.1;
						LastSwiftMigration = 1010;
					};
					495B86CA222CEEF7008AEA9F = {
						CreatedOnToolsVersion = 10.1;
					};
				};
			};
			buildConfigurationList = 495B868C222CE4F1008AEA9F /* Build configuration list for PBXProject "ChaosSaver" */;
			compatibilityVersion = "Xcode 9.3";
			developmentRegion = en;
			hasScannedForEncodings = 0;
			knownRegions = (
				en,
				Base,
			);
			mainGroup = 495B8688222CE4F1008AEA9F;
			productRefGroup = 495B8693222CE4F1008AEA9F /* Products */;
			projectDirPath = "";
			projectRoot = "";
			targets = (
				495B8691222CE4F1008AEA9F /* ChaosSaver */,
				495B86CA222CEEF7008AEA9F /* ChaosSaverApp */,
			);
		};
/* End PBXProject section */

/* Begin PBXResourcesBuildPhase section */
		495B8690222CE4F1008AEA9F /* Resources */ = {
			isa = PBXResourcesBuildPhase;
			buildActionMask = 2147483647;
			files = (
			);
			runOnlyForDeploymentPostprocessing = 0;
		};
		495B86C9222CEEF7008AEA9F /* Resources */ = {
			isa = PBXResourcesBuildPhase;
			buildActionMask = 2147483647;
			files = (
				495B86D2222CEEF8008AEA9F /* Assets.xcassets in Resources */,
				495B86D5222CEEF8008AEA9F /* Main.storyboard in Resources */,
			);
			runOnlyForDeploymentPostprocessing = 0;
		};
/* End PBXResourcesBuildPhase section */

/* Begin PBXSourcesBuildPhase section */
		495B868E222CE4F1008AEA9F /* Sources */ = {
			isa = PBXSourcesBuildPhase;
			buildActionMask = 2147483647;
			files = (
				495B86A2222CE524008AEA9F /* ChaosSaverView.swift in Sources */,
				492B7897222D0290009CAB11 /* ChaosRenderer.swift in Sources */,
			);
			runOnlyForDeploymentPostprocessing = 0;
		};
		495B86C7222CEEF7008AEA9F /* Sources */ = {
			isa = PBXSourcesBuildPhase;
			buildActionMask = 2147483647;
			files = (
				495B86D0222CEEF7008AEA9F /* ViewController.swift in Sources */,
				492B7898222D0638009CAB11 /* ChaosRenderer.swift in Sources */,
				492B7895222CF660009CAB11 /* ChaosSaverView.swift in Sources */,
				495B86CE222CEEF7008AEA9F /* AppDelegate.swift in Sources */,
			);
			runOnlyForDeploymentPostprocessing = 0;
		};
/* End PBXSourcesBuildPhase section */

/* Begin PBXTargetDependency section */
		492B789A222E239A009CAB11 /* PBXTargetDependency */ = {
			isa = PBXTargetDependency;
			target = 495B8691222CE4F1008AEA9F /* ChaosSaver */;
			targetProxy = 492B7899222E239A009CAB11 /* PBXContainerItemProxy */;
		};
/* End PBXTargetDependency section */

/* Begin PBXVariantGroup section */
		495B86D3222CEEF8008AEA9F /* Main.storyboard */ = {
			isa = PBXVariantGroup;
			children = (
				495B86D4222CEEF8008AEA9F /* Base */,
			);
			name = Main.storyboard;
			sourceTree = "<group>";
		};
/* End PBXVariantGroup section */

/* Begin XCBuildConfiguration section */
		495B869A222CE4F1008AEA9F /* Debug */ = {
			isa = XCBuildConfiguration;
			buildSettings = {
				ALWAYS_SEARCH_USER_PATHS = NO;
				CLANG_ANALYZER_NONNULL = YES;
				CLANG_ANALYZER_NUMBER_OBJECT_CONVERSION = YES_AGGRESSIVE;
				CLANG_CXX_LANGUAGE_STANDARD = "gnu++14";
				CLANG_CXX_LIBRARY = "libc++";
				CLANG_ENABLE_MODULES = YES;
				CLANG_ENABLE_OBJC_ARC = YES;
				CLANG_ENABLE_OBJC_WEAK = YES;
				CLANG_WARN_BLOCK_CAPTURE_AUTORELEASING = YES;
				CLANG_WARN_BOOL_CONVERSION = YES;
				CLANG_WARN_COMMA = YES;
				CLANG_WARN_CONSTANT_CONVERSION = YES;
				CLANG_WARN_DEPRECATED_OBJC_IMPLEMENTATIONS = YES;
				CLANG_WARN_DIRECT_OBJC_ISA_USAGE = YES_ERROR;
				CLANG_WARN_DOCUMENTATION_COMMENTS = YES;
				CLANG_WARN_EMPTY_BODY = YES;
				CLANG_WARN_ENUM_CONVERSION = YES;
				CLANG_WARN_INFINITE_RECURSION = YES;
				CLANG_WARN_INT_CONVERSION = YES;
				CLANG_WARN_NON_LITERAL_NULL_CONVERSION = YES;
				CLANG_WARN_OBJC_IMPLICIT_RETAIN_SELF = YES;
				CLANG_WARN_OBJC_LITERAL_CONVERSION = YES;
				CLANG_WARN_OBJC_ROOT_CLASS = YES_ERROR;
				CLANG_WARN_RANGE_LOOP_ANALYSIS = YES;
				CLANG_WARN_STRICT_PROTOTYPES = YES;
				CLANG_WARN_SUSPICIOUS_MOVE = YES;
				CLANG_WARN_UNGUARDED_AVAILABILITY = YES_AGGRESSIVE;
				CLANG_WARN_UNREACHABLE_CODE = YES;
				CLANG_WARN__DUPLICATE_METHOD_MATCH = YES;
				CODE_SIGN_IDENTITY = "Mac Developer";
				COPY_PHASE_STRIP = NO;
				DEBUG_INFORMATION_FORMAT = dwarf;
				ENABLE_STRICT_OBJC_MSGSEND = YES;
				ENABLE_TESTABILITY = YES;
				GCC_C_LANGUAGE_STANDARD = gnu11;
				GCC_DYNAMIC_NO_PIC = NO;
				GCC_NO_COMMON_BLOCKS = YES;
				GCC_OPTIMIZATION_LEVEL = 0;
				GCC_PREPROCESSOR_DEFINITIONS = (
					"DEBUG=1",
					"$(inherited)",
				);
				GCC_WARN_64_TO_32_BIT_CONVERSION = YES;
				GCC_WARN_ABOUT_RETURN_TYPE = YES_ERROR;
				GCC_WARN_UNDECLARED_SELECTOR = YES;
				GCC_WARN_UNINITIALIZED_AUTOS = YES_AGGRESSIVE;
				GCC_WARN_UNUSED_FUNCTION = YES;
				GCC_WARN_UNUSED_VARIABLE = YES;
				MACOSX_DEPLOYMENT_TARGET = 10.14;
				MTL_ENABLE_DEBUG_INFO = INCLUDE_SOURCE;
				MTL_FAST_MATH = YES;
				ONLY_ACTIVE_ARCH = YES;
				SDKROOT = macosx;
			};
			name = Debug;
		};
		495B869B222CE4F1008AEA9F /* Release */ = {
			isa = XCBuildConfiguration;
			buildSettings = {
				ALWAYS_SEARCH_USER_PATHS = NO;
				CLANG_ANALYZER_NONNULL = YES;
				CLANG_ANALYZER_NUMBER_OBJECT_CONVERSION = YES_AGGRESSIVE;
				CLANG_CXX_LANGUAGE_STANDARD = "gnu++14";
				CLANG_CXX_LIBRARY = "libc++";
				CLANG_ENABLE_MODULES = YES;
				CLANG_ENABLE_OBJC_ARC = YES;
				CLANG_ENABLE_OBJC_WEAK = YES;
				CLANG_WARN_BLOCK_CAPTURE_AUTORELEASING = YES;
				CLANG_WARN_BOOL_CONVERSION = YES;
				CLANG_WARN_COMMA = YES;
				CLANG_WARN_CONSTANT_CONVERSION = YES;
				CLANG_WARN_DEPRECATED_OBJC_IMPLEMENTATIONS = YES;
				CLANG_WARN_DIRECT_OBJC_ISA_USAGE = YES_ERROR;
				CLANG_WARN_DOCUMENTATION_COMMENTS = YES;
				CLANG_WARN_EMPTY_BODY = YES;
				CLANG_WARN_ENUM_CONVERSION = YES;
				CLANG_WARN_INFINITE_RECURSION = YES;
				CLANG_WARN_INT_CONVERSION = YES;
				CLANG_WARN_NON_LITERAL_NULL_CONVERSION = YES;
				CLANG_WARN_OBJC_IMPLICIT_RETAIN_SELF = YES;
				CLANG_WARN_OBJC_LITERAL_CONVERSION = YES;
				CLANG_WARN_OBJC_ROOT_CLASS = YES_ERROR;
				CLANG_WARN_RANGE_LOOP_ANALYSIS = YES;
				CLANG_WARN_STRICT_PROTOTYPES = YES;
				CLANG_WARN_SUSPICIOUS_MOVE = YES;
				CLANG_WARN_UNGUARDED_AVAILABILITY = YES_AGGRESSIVE;
				CLANG_WARN_UNREACHABLE_CODE = YES;
				CLANG_WARN__DUPLICATE_METHOD_MATCH = YES;
				CODE_SIGN_IDENTITY = "Mac Developer";
				COPY_PHASE_STRIP = NO;
				DEBUG_INFORMATION_FORMAT = "dwarf-with-dsym";
				ENABLE_NS_ASSERTIONS = NO;
				ENABLE_STRICT_OBJC_MSGSEND = YES;
				GCC_C_LANGUAGE_STANDARD = gnu11;
				GCC_NO_COMMON_BLOCKS = YES;
				GCC_WARN_64_TO_32_BIT_CONVERSION = YES;
				GCC_WARN_ABOUT_RETURN_TYPE = YES_ERROR;
				GCC_WARN_UNDECLARED_SELECTOR = YES;
				GCC_WARN_UNINITIALIZED_AUTOS = YES_AGGRESSIVE;
				GCC_WARN_UNUSED_FUNCTION = YES;
				GCC_WARN_UNUSED_VARIABLE = YES;
				MACOSX_DEPLOYMENT_TARGET = 10.14;
				MTL_ENABLE_DEBUG_INFO = NO;
				MTL_FAST_MATH = YES;
				SDKROOT = macosx;
			};
			name = Release;
		};
		495B869D222CE4F1008AEA9F /* Debug */ = {
			isa = XCBuildConfiguration;
			buildSettings = {
				ALWAYS_EMBED_SWIFT_STANDARD_LIBRARIES = YES;
				CLANG_ENABLE_MODULES = YES;
				CODE_SIGN_STYLE = Automatic;
				COMBINE_HIDPI_IMAGES = YES;
				DEVELOPMENT_TEAM = 9VG9LQ593P;
				INFOPLIST_FILE = ChaosSaver/Info.plist;
				INSTALL_PATH = "$(HOME)/Library/Screen Savers";
				LD_RUNPATH_SEARCH_PATHS = (
					"$(inherited)",
					"@executable_path/../Frameworks",
					"@loader_path/../Frameworks",
				);
				MACOSX_DEPLOYMENT_TARGET = 10.10;
				PRODUCT_BUNDLE_IDENTIFIER = tech.afflitto.ChaosSaver;
				PRODUCT_NAME = "$(TARGET_NAME)";
				SWIFT_OPTIMIZATION_LEVEL = "-Onone";
				SWIFT_VERSION = 4.2;
				WRAPPER_EXTENSION = saver;
			};
			name = Debug;
		};
		495B869E222CE4F1008AEA9F /* Release */ = {
			isa = XCBuildConfiguration;
			buildSettings = {
				ALWAYS_EMBED_SWIFT_STANDARD_LIBRARIES = YES;
				CLANG_ENABLE_MODULES = YES;
				CODE_SIGN_STYLE = Automatic;
				COMBINE_HIDPI_IMAGES = YES;
				DEVELOPMENT_TEAM = 9VG9LQ593P;
				INFOPLIST_FILE = ChaosSaver/Info.plist;
				INSTALL_PATH = "$(HOME)/Library/Screen Savers";
				LD_RUNPATH_SEARCH_PATHS = (
					"$(inherited)",
					"@executable_path/../Frameworks",
					"@loader_path/../Frameworks",
				);
				MACOSX_DEPLOYMENT_TARGET = 10.10;
				PRODUCT_BUNDLE_IDENTIFIER = tech.afflitto.ChaosSaver;
				PRODUCT_NAME = "$(TARGET_NAME)";
				SWIFT_VERSION = 4.2;
				WRAPPER_EXTENSION = saver;
			};
			name = Release;
		};
		495B86D9222CEEF8008AEA9F /* Debug */ = {
			isa = XCBuildConfiguration;
			buildSettings = {
				ASSETCATALOG_COMPILER_APPICON_NAME = AppIcon;
				CODE_SIGN_ENTITLEMENTS = ChaosSaverApp/ChaosSaverApp.entitlements;
				CODE_SIGN_STYLE = Automatic;
				COMBINE_HIDPI_IMAGES = YES;
				DEVELOPMENT_TEAM = 9VG9LQ593P;
				INFOPLIST_FILE = ChaosSaverApp/Info.plist;
				LD_RUNPATH_SEARCH_PATHS = (
					"$(inherited)",
					"@executable_path/../Frameworks",
				);
				PRODUCT_BUNDLE_IDENTIFIER = tech.afflitto.ChaosSaverApp;
				PRODUCT_NAME = "$(TARGET_NAME)";
				SWIFT_ACTIVE_COMPILATION_CONDITIONS = DEBUG;
				SWIFT_OPTIMIZATION_LEVEL = "-Onone";
				SWIFT_VERSION = 4.2;
			};
			name = Debug;
		};
		495B86DA222CEEF8008AEA9F /* Release */ = {
			isa = XCBuildConfiguration;
			buildSettings = {
				ASSETCATALOG_COMPILER_APPICON_NAME = AppIcon;
				CODE_SIGN_ENTITLEMENTS = ChaosSaverApp/ChaosSaverApp.entitlements;
				CODE_SIGN_STYLE = Automatic;
				COMBINE_HIDPI_IMAGES = YES;
				DEVELOPMENT_TEAM = 9VG9LQ593P;
				INFOPLIST_FILE = ChaosSaverApp/Info.plist;
				LD_RUNPATH_SEARCH_PATHS = (
					"$(inherited)",
					"@executable_path/../Frameworks",
				);
				PRODUCT_BUNDLE_IDENTIFIER = tech.afflitto.ChaosSaverApp;
				PRODUCT_NAME = "$(TARGET_NAME)";
				SWIFT_COMPILATION_MODE = wholemodule;
				SWIFT_OPTIMIZATION_LEVEL = "-O";
				SWIFT_VERSION = 4.2;
			};
			name = Release;
		};
/* End XCBuildConfiguration section */

/* Begin XCConfigurationList section */
		495B868C222CE4F1008AEA9F /* Build configuration list for PBXProject "ChaosSaver" */ = {
			isa = XCConfigurationList;
			buildConfigurations = (
				495B869A222CE4F1008AEA9F /* Debug */,
				495B869B222CE4F1008AEA9F /* Release */,
			);
			defaultConfigurationIsVisible = 0;
			defaultConfigurationName = Release;
		};
		495B869C222CE4F1008AEA9F /* Build configuration list for PBXNativeTarget "ChaosSaver" */ = {
			isa = XCConfigurationList;
			buildConfigurations = (
				495B869D222CE4F1008AEA9F /* Debug */,
				495B869E222CE4F1008AEA9F /* Release */,
			);
			defaultConfigurationIsVisible = 0;
			defaultConfigurationName = Release;
		};
		495B86D8222CEEF8008AEA9F /* Build configuration list for PBXNativeTarget "ChaosSaverApp" */ = {
			isa = XCConfigurationList;
			buildConfigurations = (
				495B86D9222CEEF8008AEA9F /* Debug */,
				495B86DA222CEEF8008AEA9F /* Release */,
			);
			defaultConfigurationIsVisible = 0;
			defaultConfigurationName = Release;
		};
/* End XCConfigurationList section */
	};
	rootObject = 495B8689222CE4F1008AEA9F /* Project object */;
}
